
Microsoft Visual Studio Solution File, Format Version 12.00
# Visual Studio Version 17
VisualStudioVersion = 17.11.35219.272
MinimumVisualStudioVersion = 10.0.40219.1
Project("{FAE04EC0-301F-11D3-BF4B-00C04F79EFBC}") = "MyFirstAPI", "MyFirstAPI\MyFirstAPI.csproj", "{9D15B114-4CB5-412F-A82F-38DF824438FC}"
EndProject
Global
	GlobalSection(SolutionConfigurationPlatforms) = preSolution
		Debug|Any CPU = Debug|Any CPU
		Release|Any CPU = Release|Any CPU
	EndGlobalSection
	GlobalSection(ProjectConfigurationPlatforms) = postSolution
		{9D15B114-4CB5-412F-A82F-38DF824438FC}.Debug|Any CPU.ActiveCfg = Debug|Any CPU
		{9D15B114-4CB5-412F-A82F-38DF824438FC}.Debug|Any CPU.Build.0 = Debug|Any CPU
		{9D15B114-4CB5-412F-A82F-38DF824438FC}.Release|Any CPU.ActiveCfg = Release|Any CPU
		{9D15B114-4CB5-412F-A82F-38DF824438FC}.Release|Any CPU.Build.0 = Release|Any CPU
	EndGlobalSection
	GlobalSection(SolutionProperties) = preSolution
		HideSolutionNode = FALSE
	EndGlobalSection
	GlobalSection(ExtensibilityGlobals) = postSolution
		SolutionGuid = {A5808CA9-3A04-400F-8AB5-8A9EA7F26469}
	EndGlobalSection
EndGlobal
